
Microsoft Visual Studio Solution File, Format Version 12.00
# Visual Studio Version 17
VisualStudioVersion = 17.5.33530.505
MinimumVisualStudioVersion = 10.0.40219.1
Project("{FAE04EC0-301F-11D3-BF4B-00C04F79EFBC}") = "BuldingMapper", "BuldingMapper\BuldingMapper.csproj", "{77692D34-1A42-4D60-9EC7-3023911E65C7}"
EndProject
Global
	GlobalSection(SolutionConfigurationPlatforms) = preSolution
		Debug|Any CPU = Debug|Any CPU
		Release|Any CPU = Release|Any CPU
	EndGlobalSection
	GlobalSection(ProjectConfigurationPlatforms) = postSolution
		{77692D34-1A42-4D60-9EC7-3023911E65C7}.Debug|Any CPU.ActiveCfg = Debug|Any CPU
		{77692D34-1A42-4D60-9EC7-3023911E65C7}.Debug|Any CPU.Build.0 = Debug|Any CPU
		{77692D34-1A42-4D60-9EC7-3023911E65C7}.Release|Any CPU.ActiveCfg = Release|Any CPU
		{77692D34-1A42-4D60-9EC7-3023911E65C7}.Release|Any CPU.Build.0 = Release|Any CPU
	EndGlobalSection
	GlobalSection(SolutionProperties) = preSolution
		HideSolutionNode = FALSE
	EndGlobalSection
	GlobalSection(ExtensibilityGlobals) = postSolution
		SolutionGuid = {EA8804B8-99EC-4BCE-8031-334D86E22817}
	EndGlobalSection
EndGlobal
